{
  "name": "DoctoBuddy",
  "lockfileVersion": 3,
  "requires": true,
  "packages": {
    "": {
      "dependencies": {
        "shepherd.js": "^12.0.5"
      }
    },
    "node_modules/@floating-ui/core": {
      "version": "1.6.2",
      "resolved": "https://registry.npmjs.org/@floating-ui/core/-/core-1.6.2.tgz",
      "integrity": "sha512-+2XpQV9LLZeanU4ZevzRnGFg2neDeKHgFLjP6YLW+tly0IvrhqT4u8enLGjLH3qeh85g19xY5rsAusfwTdn5lg==",
      "license": "MIT",
      "dependencies": {
        "@floating-ui/utils": "^0.2.0"
      }
    },
    "node_modules/@floating-ui/dom": {
      "version": "1.6.5",
      "resolved": "https://registry.npmjs.org/@floating-ui/dom/-/dom-1.6.5.tgz",
      "integrity": "sha512-Nsdud2X65Dz+1RHjAIP0t8z5e2ff/IRbei6BqFrl1urT8sDVzM1HMQ+R0XcU5ceRfyO3I6ayeqIfh+6Wb8LGTw==",
      "license": "MIT",
      "dependencies": {
        "@floating-ui/core": "^1.0.0",
        "@floating-ui/utils": "^0.2.0"
      }
    },
    "node_modules/@floating-ui/utils": {
      "version": "0.2.2",
      "resolved": "https://registry.npmjs.org/@floating-ui/utils/-/utils-0.2.2.tgz",
      "integrity": "sha512-J4yDIIthosAsRZ5CPYP/jQvUAQtlZTTD/4suA08/FEnlxqW3sKS9iAhgsa9VYLZ6vDHn/ixJgIqRQPotoBjxIw==",
      "license": "MIT"
    },
    "node_modules/deepmerge-ts": {
      "version": "5.1.0",
      "resolved": "https://registry.npmjs.org/deepmerge-ts/-/deepmerge-ts-5.1.0.tgz",
      "integrity": "sha512-eS8dRJOckyo9maw9Tu5O5RUi/4inFLrnoLkBe3cPfDMx3WZioXtmOew4TXQaxq7Rhl4xjDtR7c6x8nNTxOvbFw==",
      "license": "BSD-3-Clause",
      "engines": {
        "node": ">=16.0.0"
      }
    },
    "node_modules/idb": {
      "version": "8.0.0",
      "resolved": "https://registry.npmjs.org/idb/-/idb-8.0.0.tgz",
      "integrity": "sha512-l//qvlAKGmQO31Qn7xdzagVPPaHTxXx199MhrAFuVBTPqydcPYBWjkrbv4Y0ktB+GmWOiwHl237UUOrLmQxLvw==",
      "license": "ISC"
    },
    "node_modules/shepherd.js": {
      "version": "12.0.5",
      "resolved": "https://registry.npmjs.org/shepherd.js/-/shepherd.js-12.0.5.tgz",
      "integrity": "sha512-j83Fsy6dmKoXbtcXtSagdqymR768/2UhIx4p5W+xtBncEQgl5JGWkRv27g+Lm0lWpmHwKUO1b+2zlTgG7GxfXQ==",
      "license": "MIT",
      "dependencies": {
        "@floating-ui/dom": "^1.5.3",
        "deepmerge-ts": "^5.1.0",
        "idb": "^8.0.0"
      },
      "engines": {
        "node": "18.* || >= 20"
      }
    }
  }
}
